
Microsoft Visual Studio Solution File, Format Version 12.00
# Visual Studio Version 17
VisualStudioVersion = 17.11.35312.102
MinimumVisualStudioVersion = 10.0.40219.1
Project("{FAE04EC0-301F-11D3-BF4B-00C04F79EFBC}") = "QuanLyCuaHang", "QuanLyCuaHang\QuanLyCuaHang.csproj", "{A613A61F-D73E-4106-B6B8-D1B6A44CCBD0}"
EndProject
Global
	GlobalSection(SolutionConfigurationPlatforms) = preSolution
		Debug|Any CPU = Debug|Any CPU
		Release|Any CPU = Release|Any CPU
	EndGlobalSection
	GlobalSection(ProjectConfigurationPlatforms) = postSolution
		{A613A61F-D73E-4106-B6B8-D1B6A44CCBD0}.Debug|Any CPU.ActiveCfg = Debug|Any CPU
		{A613A61F-D73E-4106-B6B8-D1B6A44CCBD0}.Debug|Any CPU.Build.0 = Debug|Any CPU
		{A613A61F-D73E-4106-B6B8-D1B6A44CCBD0}.Release|Any CPU.ActiveCfg = Release|Any CPU
		{A613A61F-D73E-4106-B6B8-D1B6A44CCBD0}.Release|Any CPU.Build.0 = Release|Any CPU
	EndGlobalSection
	GlobalSection(SolutionProperties) = preSolution
		HideSolutionNode = FALSE
	EndGlobalSection
	GlobalSection(ExtensibilityGlobals) = postSolution
		SolutionGuid = {BE3FC770-D922-470E-A402-5E94C0F41984}
	EndGlobalSection
EndGlobal
